
Microsoft Visual Studio Solution File, Format Version 12.00
# Visual Studio Version 17
VisualStudioVersion = 17.9.34622.214
MinimumVisualStudioVersion = 10.0.40219.1
Project("{FAE04EC0-301F-11D3-BF4B-00C04F79EFBC}") = "lab04", "lab04\lab04.csproj", "{EC856DF7-A65E-46E7-8A9B-EDEA7D28D1A0}"
EndProject
Global
	GlobalSection(SolutionConfigurationPlatforms) = preSolution
		Debug|Any CPU = Debug|Any CPU
		Release|Any CPU = Release|Any CPU
	EndGlobalSection
	GlobalSection(ProjectConfigurationPlatforms) = postSolution
		{EC856DF7-A65E-46E7-8A9B-EDEA7D28D1A0}.Debug|Any CPU.ActiveCfg = Debug|Any CPU
		{EC856DF7-A65E-46E7-8A9B-EDEA7D28D1A0}.Debug|Any CPU.Build.0 = Debug|Any CPU
		{EC856DF7-A65E-46E7-8A9B-EDEA7D28D1A0}.Release|Any CPU.ActiveCfg = Release|Any CPU
		{EC856DF7-A65E-46E7-8A9B-EDEA7D28D1A0}.Release|Any CPU.Build.0 = Release|Any CPU
	EndGlobalSection
	GlobalSection(SolutionProperties) = preSolution
		HideSolutionNode = FALSE
	EndGlobalSection
	GlobalSection(ExtensibilityGlobals) = postSolution
		SolutionGuid = {3644994F-82AA-4D54-82EA-9300E8E98EC4}
	EndGlobalSection
EndGlobal
